
Microsoft Visual Studio Solution File, Format Version 12.00
# Visual Studio Version 17
VisualStudioVersion = 17.2.32630.192
MinimumVisualStudioVersion = 10.0.40219.1
Project("{FAE04EC0-301F-11D3-BF4B-00C04F79EFBC}") = "SQLDatabaseMusicApp", "SQLDatabaseMusicApp\SQLDatabaseMusicApp.csproj", "{F143AC3F-C6AA-4DF8-9B69-9472EEE09104}"
EndProject
Global
	GlobalSection(SolutionConfigurationPlatforms) = preSolution
		Debug|Any CPU = Debug|Any CPU
		Release|Any CPU = Release|Any CPU
	EndGlobalSection
	GlobalSection(ProjectConfigurationPlatforms) = postSolution
		{F143AC3F-C6AA-4DF8-9B69-9472EEE09104}.Debug|Any CPU.ActiveCfg = Debug|Any CPU
		{F143AC3F-C6AA-4DF8-9B69-9472EEE09104}.Debug|Any CPU.Build.0 = Debug|Any CPU
		{F143AC3F-C6AA-4DF8-9B69-9472EEE09104}.Release|Any CPU.ActiveCfg = Release|Any CPU
		{F143AC3F-C6AA-4DF8-9B69-9472EEE09104}.Release|Any CPU.Build.0 = Release|Any CPU
	EndGlobalSection
	GlobalSection(SolutionProperties) = preSolution
		HideSolutionNode = FALSE
	EndGlobalSection
	GlobalSection(ExtensibilityGlobals) = postSolution
		SolutionGuid = {94F98974-4134-4B59-A681-EB7CCFE673E8}
	EndGlobalSection
EndGlobal
